
Microsoft Visual Studio Solution File, Format Version 12.00
# Visual Studio 15
VisualStudioVersion = 15.0.28307.329
MinimumVisualStudioVersion = 10.0.40219.1
Project("{8BC9CEB8-8B4A-11D0-8D11-00A0C91BC942}") = "BinaryTree", "BinaryTree\BinaryTree.vcxproj", "{AEAE7602-9C6B-4B4E-9AE3-5F5509A23913}"
EndProject
Global
	GlobalSection(SolutionConfigurationPlatforms) = preSolution
		Debug|x64 = Debug|x64
		Debug|x86 = Debug|x86
		Release|x64 = Release|x64
		Release|x86 = Release|x86
	EndGlobalSection
	GlobalSection(ProjectConfigurationPlatforms) = postSolution
		{AEAE7602-9C6B-4B4E-9AE3-5F5509A23913}.Debug|x64.ActiveCfg = Debug|x64
		{AEAE7602-9C6B-4B4E-9AE3-5F5509A23913}.Debug|x64.Build.0 = Debug|x64
		{AEAE7602-9C6B-4B4E-9AE3-5F5509A23913}.Debug|x86.ActiveCfg = Debug|Win32
		{AEAE7602-9C6B-4B4E-9AE3-5F5509A23913}.Debug|x86.Build.0 = Debug|Win32
		{AEAE7602-9C6B-4B4E-9AE3-5F5509A23913}.Release|x64.ActiveCfg = Release|x64
		{AEAE7602-9C6B-4B4E-9AE3-5F5509A23913}.Release|x64.Build.0 = Release|x64
		{AEAE7602-9C6B-4B4E-9AE3-5F5509A23913}.Release|x86.ActiveCfg = Release|Win32
		{AEAE7602-9C6B-4B4E-9AE3-5F5509A23913}.Release|x86.Build.0 = Release|Win32
	EndGlobalSection
	GlobalSection(SolutionProperties) = preSolution
		HideSolutionNode = FALSE
	EndGlobalSection
	GlobalSection(ExtensibilityGlobals) = postSolution
		SolutionGuid = {1A40FBAF-36FE-44A8-9E8A-1425D9CC16C0}
	EndGlobalSection
EndGlobal
